
Microsoft Visual Studio Solution File, Format Version 12.00
# Visual Studio Version 17
VisualStudioVersion = 17.11.35219.272
MinimumVisualStudioVersion = 10.0.40219.1
Project("{2150E333-8FDC-42A3-9474-1A3956D46DE8}") = "01 - Services", "01 - Services", "{B0A0D2F2-DB88-4FFC-A626-A036D4D4227B}"
EndProject
Project("{2150E333-8FDC-42A3-9474-1A3956D46DE8}") = "Catalogo", "Catalogo", "{1AE989C0-A738-4A0D-B949-8D585D29451F}"
EndProject
Project("{FAE04EC0-301F-11D3-BF4B-00C04F79EFBC}") = "EngSoft.EShop.Catalogo.API", "Services\Catalogo\EngSoft.EShop.Catalogo.API\EngSoft.EShop.Catalogo.API.csproj", "{30626A01-707C-47BA-9799-0DF94FA04B7C}"
EndProject
Project("{2150E333-8FDC-42A3-9474-1A3956D46DE8}") = "02 - CrossCutting", "02 - CrossCutting", "{EB27AD90-1581-44C4-BB40-D7273CF5DCFD}"
EndProject
Project("{FAE04EC0-301F-11D3-BF4B-00C04F79EFBC}") = "EngSoft.EShop.Catalogo.CrossCutting", "02 - CrossCutting\EngSoft.EShop.Catalogo.CrossCutting\EngSoft.EShop.Catalogo.CrossCutting.csproj", "{8D24244A-8A11-4B21-BE52-592287EF2FD4}"
EndProject
Project("{E53339B2-1760-4266-BCC7-CA923CBCF16C}") = "docker-compose", "docker-compose.dcproj", "{6B0BE20D-2416-42AD-B6D8-860DF2D82A75}"
EndProject
Global
	GlobalSection(SolutionConfigurationPlatforms) = preSolution
		Debug|Any CPU = Debug|Any CPU
		Release|Any CPU = Release|Any CPU
	EndGlobalSection
	GlobalSection(ProjectConfigurationPlatforms) = postSolution
		{30626A01-707C-47BA-9799-0DF94FA04B7C}.Debug|Any CPU.ActiveCfg = Debug|Any CPU
		{30626A01-707C-47BA-9799-0DF94FA04B7C}.Debug|Any CPU.Build.0 = Debug|Any CPU
		{30626A01-707C-47BA-9799-0DF94FA04B7C}.Release|Any CPU.ActiveCfg = Release|Any CPU
		{30626A01-707C-47BA-9799-0DF94FA04B7C}.Release|Any CPU.Build.0 = Release|Any CPU
		{8D24244A-8A11-4B21-BE52-592287EF2FD4}.Debug|Any CPU.ActiveCfg = Debug|Any CPU
		{8D24244A-8A11-4B21-BE52-592287EF2FD4}.Debug|Any CPU.Build.0 = Debug|Any CPU
		{8D24244A-8A11-4B21-BE52-592287EF2FD4}.Release|Any CPU.ActiveCfg = Release|Any CPU
		{8D24244A-8A11-4B21-BE52-592287EF2FD4}.Release|Any CPU.Build.0 = Release|Any CPU
		{6B0BE20D-2416-42AD-B6D8-860DF2D82A75}.Debug|Any CPU.ActiveCfg = Debug|Any CPU
		{6B0BE20D-2416-42AD-B6D8-860DF2D82A75}.Debug|Any CPU.Build.0 = Debug|Any CPU
		{6B0BE20D-2416-42AD-B6D8-860DF2D82A75}.Release|Any CPU.ActiveCfg = Release|Any CPU
		{6B0BE20D-2416-42AD-B6D8-860DF2D82A75}.Release|Any CPU.Build.0 = Release|Any CPU
	EndGlobalSection
	GlobalSection(SolutionProperties) = preSolution
		HideSolutionNode = FALSE
	EndGlobalSection
	GlobalSection(NestedProjects) = preSolution
		{1AE989C0-A738-4A0D-B949-8D585D29451F} = {B0A0D2F2-DB88-4FFC-A626-A036D4D4227B}
		{30626A01-707C-47BA-9799-0DF94FA04B7C} = {1AE989C0-A738-4A0D-B949-8D585D29451F}
		{8D24244A-8A11-4B21-BE52-592287EF2FD4} = {EB27AD90-1581-44C4-BB40-D7273CF5DCFD}
	EndGlobalSection
	GlobalSection(ExtensibilityGlobals) = postSolution
		SolutionGuid = {514CACEE-5310-44CD-B3B1-2B08301B18E2}
	EndGlobalSection
EndGlobal
